
Microsoft Visual Studio Solution File, Format Version 12.00
# Visual Studio Version 17
VisualStudioVersion = 17.6.33815.320
MinimumVisualStudioVersion = 10.0.40219.1
Project("{FAE04EC0-301F-11D3-BF4B-00C04F79EFBC}") = "Builder", "Builder\Builder.csproj", "{C18E4D83-C8C7-42D0-ABA5-034FE4C36C6F}"
EndProject
Global
	GlobalSection(SolutionConfigurationPlatforms) = preSolution
		Debug|Any CPU = Debug|Any CPU
		Release|Any CPU = Release|Any CPU
	EndGlobalSection
	GlobalSection(ProjectConfigurationPlatforms) = postSolution
		{C18E4D83-C8C7-42D0-ABA5-034FE4C36C6F}.Debug|Any CPU.ActiveCfg = Debug|Any CPU
		{C18E4D83-C8C7-42D0-ABA5-034FE4C36C6F}.Debug|Any CPU.Build.0 = Debug|Any CPU
		{C18E4D83-C8C7-42D0-ABA5-034FE4C36C6F}.Release|Any CPU.ActiveCfg = Release|Any CPU
		{C18E4D83-C8C7-42D0-ABA5-034FE4C36C6F}.Release|Any CPU.Build.0 = Release|Any CPU
	EndGlobalSection
	GlobalSection(SolutionProperties) = preSolution
		HideSolutionNode = FALSE
	EndGlobalSection
	GlobalSection(ExtensibilityGlobals) = postSolution
		SolutionGuid = {EDD15023-49E2-4A7D-96E9-41FDBE0A06F4}
	EndGlobalSection
EndGlobal
